
Microsoft Visual Studio Solution File, Format Version 12.00
Project("{FAE04EC0-301F-11D3-BF4B-00C04F79EFBC}") = "JobPro", "JobPro\JobPro.csproj", "{B95FAB59-D4F2-4A82-BC3D-DD468F441719}"
EndProject
Global
	GlobalSection(SolutionConfigurationPlatforms) = preSolution
		Debug|Any CPU = Debug|Any CPU
		Release|Any CPU = Release|Any CPU
	EndGlobalSection
	GlobalSection(ProjectConfigurationPlatforms) = postSolution
		{B95FAB59-D4F2-4A82-BC3D-DD468F441719}.Debug|Any CPU.ActiveCfg = Debug|Any CPU
		{B95FAB59-D4F2-4A82-BC3D-DD468F441719}.Debug|Any CPU.Build.0 = Debug|Any CPU
		{B95FAB59-D4F2-4A82-BC3D-DD468F441719}.Release|Any CPU.ActiveCfg = Release|Any CPU
		{B95FAB59-D4F2-4A82-BC3D-DD468F441719}.Release|Any CPU.Build.0 = Release|Any CPU
	EndGlobalSection
EndGlobal
